
Microsoft Visual Studio Solution File, Format Version 12.00
# Visual Studio Version 16
VisualStudioVersion = 16.0.30114.105
MinimumVisualStudioVersion = 10.0.40219.1
Project("{FAE04EC0-301F-11D3-BF4B-00C04F79EFBC}") = "PracticLesson1", "PracticLesson1.csproj", "{C737B80B-2986-43FC-861F-71B50658058D}"
EndProject
Global
	GlobalSection(SolutionConfigurationPlatforms) = preSolution
		Debug|Any CPU = Debug|Any CPU
		Release|Any CPU = Release|Any CPU
	EndGlobalSection
	GlobalSection(ProjectConfigurationPlatforms) = postSolution
		{C737B80B-2986-43FC-861F-71B50658058D}.Debug|Any CPU.ActiveCfg = Debug|Any CPU
		{C737B80B-2986-43FC-861F-71B50658058D}.Debug|Any CPU.Build.0 = Debug|Any CPU
		{C737B80B-2986-43FC-861F-71B50658058D}.Release|Any CPU.ActiveCfg = Release|Any CPU
		{C737B80B-2986-43FC-861F-71B50658058D}.Release|Any CPU.Build.0 = Release|Any CPU
	EndGlobalSection
	GlobalSection(SolutionProperties) = preSolution
		HideSolutionNode = FALSE
	EndGlobalSection
	GlobalSection(ExtensibilityGlobals) = postSolution
		SolutionGuid = {C6487F60-4553-4BF4-9DB5-E6C85817A044}
	EndGlobalSection
EndGlobal
